{
  "name": "@repo/data-ops",
  "version": "1.0.0",
  "lockfileVersion": 3,
  "requires": true,
  "packages": {
    "": {
      "name": "@repo/data-ops",
      "version": "1.0.0",
      "license": "ISC",
      "dependencies": {
        "dotenv": "^16.4.5",
        "drizzle-orm": "^0.44.2",
        "nanoid": "^5.1.5",
        "postgres": "^3.4.4",
        "stripe": "^18.4.0",
        "uuid": "^11.1.0",
        "zod": "^3.25.67"
      },
      "devDependencies": {
        "@cloudflare/workers-types": "^4.20250405.0",
        "@types/node": "^22.15.19",
        "drizzle-kit": "^0.31.1",
        "tsc-alias": "^1.8.16",
        "wrangler": "^4.22.0"
      }
    },
    "../../node_modules/.pnpm/@better-auth+stripe@1.3.4_react-dom@19.1.0_react@19.1.0__react@19.1.0/node_modules/@better-auth/stripe": {
      "version": "1.3.4",
      "extraneous": true,
      "license": "MIT",
      "dependencies": {
        "better-auth": "^1.3.4",
        "zod": "^4.0.0"
      },
      "devDependencies": {
        "@types/better-sqlite3": "^7.6.12",
        "better-call": "^1.0.12",
        "better-sqlite3": "^11.6.0",
        "stripe": "^18.0.0",
        "vitest": "^1.6.0"
      }
    },
    "../../node_modules/.pnpm/@cloudflare+workers-types@4.20250628.0/node_modules/@cloudflare/workers-types": {
      "version": "4.20250628.0",
      "dev": true,
      "license": "MIT OR Apache-2.0"
    },
    "../../node_modules/.pnpm/@types+node@22.15.33/node_modules/@types/node": {
      "version": "22.15.33",
      "dev": true,
      "license": "MIT",
      "dependencies": {
        "undici-types": "~6.21.0"
      }
    },
    "../../node_modules/.pnpm/better-auth@1.3.4_react-dom@19.1.0_react@19.1.0__react@19.1.0/node_modules/better-auth": {
      "version": "1.3.4",
      "extraneous": true,
      "license": "MIT",
      "dependencies": {
        "@better-auth/utils": "0.2.5",
        "@better-fetch/fetch": "^1.1.18",
        "@noble/ciphers": "^0.6.0",
        "@noble/hashes": "^1.8.0",
        "@simplewebauthn/browser": "^13.0.0",
        "@simplewebauthn/server": "^13.0.0",
        "better-call": "^1.0.12",
        "defu": "^6.1.4",
        "jose": "^5.9.6",
        "kysely": "^0.28.1",
        "nanostores": "^0.11.3",
        "zod": "^4.0.5"
      },
      "devDependencies": {
        "@prisma/client": "^5.22.0",
        "@tanstack/react-start": "^1.114.34",
        "@types/better-sqlite3": "^7.6.12",
        "@types/keccak": "^3.0.5",
        "@types/pg": "^8.11.10",
        "@types/prompts": "^2.4.9",
        "@types/react": "^18.3.14",
        "better-sqlite3": "^11.6.0",
        "concurrently": "^9.1.2",
        "drizzle-orm": "^0.38.2",
        "happy-dom": "^15.11.7",
        "hono": "^4.6.13",
        "listhen": "^1.9.0",
        "mongodb": "^6.11.0",
        "mysql2": "^3.11.5",
        "next": "^15.2.3",
        "oauth2-mock-server": "^7.2.0",
        "pg": "^8.13.1",
        "prisma": "^5.22.0",
        "react": "^19.0.0",
        "react-dom": "^19.0.0",
        "react-native": "~0.74.6",
        "solid-js": "^1.9.3",
        "tarn": "^3.0.2",
        "tedious": "^18.6.1",
        "typescript": "^5.7.3",
        "unbuild": "^3.5.0",
        "vitest": "^1.6.0",
        "vue": "^3.5.13"
      },
      "peerDependencies": {
        "react": "^18.0.0 || ^19.0.0",
        "react-dom": "^18.0.0 || ^19.0.0"
      },
      "peerDependenciesMeta": {
        "react": {
          "optional": true
        },
        "react-dom": {
          "optional": true
        }
      }
    },
    "../../node_modules/.pnpm/better-sqlite3@12.2.0/node_modules/better-sqlite3": {
      "version": "12.2.0",
      "extraneous": true,
      "hasInstallScript": true,
      "license": "MIT",
      "dependencies": {
        "bindings": "^1.5.0",
        "prebuild-install": "^7.1.1"
      },
      "devDependencies": {
        "chai": "^4.3.8",
        "cli-color": "^2.0.3",
        "fs-extra": "^11.1.1",
        "mocha": "^10.2.0",
        "nodemark": "^0.3.0",
        "prebuild": "^13.0.1",
        "sqlite": "^5.0.1",
        "sqlite3": "^5.1.6"
      },
      "engines": {
        "node": "20.x || 22.x || 23.x || 24.x"
      }
    },
    "../../node_modules/.pnpm/drizzle-kit@0.31.4/node_modules/drizzle-kit": {
      "version": "0.31.4",
      "dev": true,
      "license": "MIT",
      "dependencies": {
        "@drizzle-team/brocli": "^0.10.2",
        "@esbuild-kit/esm-loader": "^2.5.5",
        "esbuild": "^0.25.4",
        "esbuild-register": "^3.5.0"
      },
      "bin": {
        "drizzle-kit": "bin.cjs"
      },
      "devDependencies": {
        "@arethetypeswrong/cli": "^0.15.3",
        "@aws-sdk/client-rds-data": "^3.556.0",
        "@cloudflare/workers-types": "^4.20230518.0",
        "@electric-sql/pglite": "^0.2.12",
        "@hono/node-server": "^1.9.0",
        "@hono/zod-validator": "^0.2.1",
        "@libsql/client": "^0.10.0",
        "@neondatabase/serverless": "^0.9.1",
        "@originjs/vite-plugin-commonjs": "^1.0.3",
        "@planetscale/database": "^1.16.0",
        "@types/better-sqlite3": "^7.6.13",
        "@types/dockerode": "^3.3.28",
        "@types/glob": "^8.1.0",
        "@types/json-diff": "^1.0.3",
        "@types/micromatch": "^4.0.9",
        "@types/minimatch": "^5.1.2",
        "@types/node": "^18.11.15",
        "@types/pg": "^8.10.7",
        "@types/pluralize": "^0.0.33",
        "@types/semver": "^7.5.5",
        "@types/uuid": "^9.0.8",
        "@types/ws": "^8.5.10",
        "@typescript-eslint/eslint-plugin": "^7.2.0",
        "@typescript-eslint/parser": "^7.2.0",
        "@vercel/postgres": "^0.8.0",
        "ava": "^5.1.0",
        "better-sqlite3": "^11.9.1",
        "bun-types": "^0.6.6",
        "camelcase": "^7.0.1",
        "chalk": "^5.2.0",
        "commander": "^12.1.0",
        "dockerode": "^4.0.6",
        "dotenv": "^16.0.3",
        "drizzle-kit": "0.25.0-b1faa33",
        "drizzle-orm": "workspace:./drizzle-orm/dist",
        "env-paths": "^3.0.0",
        "esbuild-node-externals": "^1.9.0",
        "eslint": "^8.57.0",
        "eslint-config-prettier": "^9.1.0",
        "eslint-plugin-prettier": "^5.1.3",
        "gel": "^2.0.0",
        "get-port": "^6.1.2",
        "glob": "^8.1.0",
        "hanji": "^0.0.5",
        "hono": "^4.7.9",
        "json-diff": "1.0.6",
        "micromatch": "^4.0.8",
        "minimatch": "^7.4.3",
        "mysql2": "3.14.1",
        "node-fetch": "^3.3.2",
        "ohm-js": "^17.1.0",
        "pg": "^8.11.5",
        "pluralize": "^8.0.0",
        "postgres": "^3.4.4",
        "prettier": "^3.5.3",
        "semver": "^7.7.2",
        "superjson": "^2.2.1",
        "tsup": "^8.3.5",
        "tsx": "^3.12.1",
        "typescript": "^5.6.3",
        "uuid": "^9.0.1",
        "vite-tsconfig-paths": "^4.3.2",
        "vitest": "^3.1.3",
        "ws": "^8.18.2",
        "zod": "^3.20.2",
        "zx": "^8.3.2"
      }
    },
    "../../node_modules/.pnpm/drizzle-orm@0.44.2_@cloudflare+workers-types@4.20250628.0_@opentelemetry+api@1.9.0_@pla_38248141f7e2f1c7124c0571321af634/node_modules/drizzle-orm": {
      "version": "0.44.2",
      "license": "Apache-2.0",
      "devDependencies": {
        "@aws-sdk/client-rds-data": "^3.549.0",
        "@cloudflare/workers-types": "^4.20241112.0",
        "@electric-sql/pglite": "^0.2.12",
        "@libsql/client": "^0.10.0",
        "@libsql/client-wasm": "^0.10.0",
        "@miniflare/d1": "^2.14.4",
        "@neondatabase/serverless": "^0.10.0",
        "@op-engineering/op-sqlite": "^2.0.16",
        "@opentelemetry/api": "^1.4.1",
        "@originjs/vite-plugin-commonjs": "^1.0.3",
        "@planetscale/database": "^1.16.0",
        "@prisma/client": "5.14.0",
        "@tidbcloud/serverless": "^0.1.1",
        "@types/better-sqlite3": "^7.6.12",
        "@types/node": "^20.2.5",
        "@types/pg": "^8.10.1",
        "@types/react": "^18.2.45",
        "@types/sql.js": "^1.4.4",
        "@upstash/redis": "^1.34.3",
        "@vercel/postgres": "^0.8.0",
        "@xata.io/client": "^0.29.3",
        "better-sqlite3": "^11.9.1",
        "bun-types": "^1.2.0",
        "cpy": "^10.1.0",
        "expo-sqlite": "^14.0.0",
        "gel": "^2.0.0",
        "glob": "^11.0.1",
        "knex": "^2.4.2",
        "kysely": "^0.25.0",
        "mysql2": "^3.14.1",
        "pg": "^8.11.0",
        "postgres": "^3.3.5",
        "prisma": "5.14.0",
        "react": "^18.2.0",
        "sql.js": "^1.8.0",
        "sqlite3": "^5.1.2",
        "ts-morph": "^25.0.1",
        "tslib": "^2.5.2",
        "tsx": "^3.12.7",
        "vite-tsconfig-paths": "^4.3.2",
        "vitest": "^3.1.3",
        "zod": "^3.20.2",
        "zx": "^7.2.2"
      },
      "peerDependencies": {
        "@aws-sdk/client-rds-data": ">=3",
        "@cloudflare/workers-types": ">=4",
        "@electric-sql/pglite": ">=0.2.0",
        "@libsql/client": ">=0.10.0",
        "@libsql/client-wasm": ">=0.10.0",
        "@neondatabase/serverless": ">=0.10.0",
        "@op-engineering/op-sqlite": ">=2",
        "@opentelemetry/api": "^1.4.1",
        "@planetscale/database": ">=1.13",
        "@prisma/client": "*",
        "@tidbcloud/serverless": "*",
        "@types/better-sqlite3": "*",
        "@types/pg": "*",
        "@types/sql.js": "*",
        "@upstash/redis": ">=1.34.7",
        "@vercel/postgres": ">=0.8.0",
        "@xata.io/client": "*",
        "better-sqlite3": ">=7",
        "bun-types": "*",
        "expo-sqlite": ">=14.0.0",
        "gel": ">=2",
        "knex": "*",
        "kysely": "*",
        "mysql2": ">=2",
        "pg": ">=8",
        "postgres": ">=3",
        "sql.js": ">=1",
        "sqlite3": ">=5"
      },
      "peerDependenciesMeta": {
        "@aws-sdk/client-rds-data": {
          "optional": true
        },
        "@cloudflare/workers-types": {
          "optional": true
        },
        "@electric-sql/pglite": {
          "optional": true
        },
        "@libsql/client": {
          "optional": true
        },
        "@libsql/client-wasm": {
          "optional": true
        },
        "@neondatabase/serverless": {
          "optional": true
        },
        "@op-engineering/op-sqlite": {
          "optional": true
        },
        "@opentelemetry/api": {
          "optional": true
        },
        "@planetscale/database": {
          "optional": true
        },
        "@prisma/client": {
          "optional": true
        },
        "@tidbcloud/serverless": {
          "optional": true
        },
        "@types/better-sqlite3": {
          "optional": true
        },
        "@types/pg": {
          "optional": true
        },
        "@types/sql.js": {
          "optional": true
        },
        "@upstash/redis": {
          "optional": true
        },
        "@vercel/postgres": {
          "optional": true
        },
        "@xata.io/client": {
          "optional": true
        },
        "better-sqlite3": {
          "optional": true
        },
        "bun-types": {
          "optional": true
        },
        "expo-sqlite": {
          "optional": true
        },
        "gel": {
          "optional": true
        },
        "knex": {
          "optional": true
        },
        "kysely": {
          "optional": true
        },
        "mysql2": {
          "optional": true
        },
        "pg": {
          "optional": true
        },
        "postgres": {
          "optional": true
        },
        "prisma": {
          "optional": true
        },
        "sql.js": {
          "optional": true
        },
        "sqlite3": {
          "optional": true
        }
      }
    },
    "../../node_modules/.pnpm/kysely-d1@0.4.0_kysely@0.28.2/node_modules/kysely-d1": {
      "version": "0.4.0",
      "extraneous": true,
      "license": "MIT",
      "devDependencies": {
        "@cloudflare/workers-types": "^4.20230115.0",
        "@tsconfig/node14": "^1.0.3",
        "kysely": "^0.23.3",
        "prettier": "^2.7.1",
        "typescript": "^4.8.4"
      },
      "peerDependencies": {
        "kysely": "*"
      }
    },
    "../../node_modules/.pnpm/kysely@0.28.2/node_modules/kysely": {
      "version": "0.28.2",
      "extraneous": true,
      "license": "MIT",
      "devDependencies": {
        "@arethetypeswrong/cli": "^0.17.0",
        "@ark/attest": "^0.36.0",
        "@types/better-sqlite3": "^7.6.11",
        "@types/chai": "^4.3.17",
        "@types/chai-as-promised": "^7.1.8",
        "@types/chai-subset": "^1.3.5",
        "@types/mocha": "^10.0.7",
        "@types/node": "^22.5.0",
        "@types/pg": "^8.11.6",
        "@types/pg-cursor": "^2.7.2",
        "@types/semver": "^7.5.8",
        "@types/sinon": "^17.0.2",
        "@types/tedious": "^4.0.9",
        "better-sqlite3": "^11.2.1",
        "chai": "^4.5.0",
        "chai-as-promised": "^7.1.2",
        "chai-subset": "^1.6.0",
        "esbuild": "^0.24.0",
        "lodash": "^4.17.21",
        "mocha": "^10.7.3",
        "mysql2": "^3.11.0",
        "pathe": "^1.1.2",
        "pg": "^8.12.0",
        "pg-cursor": "^2.11.0",
        "pkg-pr-new": "^0.0.30",
        "playwright": "^1.46.1",
        "prettier": "^3.3.3",
        "semver": "^7.6.3",
        "sinon": "^19.0.2",
        "tarn": "^3.0.2",
        "tedious": "^19.0.0",
        "tsd": "^0.32.0",
        "tsx": "^4.19.1",
        "typescript": "^5.6.3"
      },
      "engines": {
        "node": ">=18.0.0"
      }
    },
    "../../node_modules/.pnpm/nanoid@5.1.5/node_modules/nanoid": {
      "version": "5.1.5",
      "funding": [
        {
          "type": "github",
          "url": "https://github.com/sponsors/ai"
        }
      ],
      "license": "MIT",
      "bin": {
        "nanoid": "bin/nanoid.js"
      },
      "engines": {
        "node": "^18 || >=20"
      }
    },
    "../../node_modules/.pnpm/stripe@18.4.0_@types+node@22.15.33/node_modules/stripe": {
      "version": "18.4.0",
      "license": "MIT",
      "dependencies": {
        "qs": "^6.11.0"
      },
      "devDependencies": {
        "@types/chai": "^4.3.4",
        "@types/chai-as-promised": "^7.1.5",
        "@types/mocha": "^10.0.1",
        "@types/node": ">=12.0.0",
        "@types/qs": "^6.9.7",
        "@typescript-eslint/eslint-plugin": "^4.33.0",
        "@typescript-eslint/parser": "^4.33.0",
        "chai": "^4.3.6",
        "chai-as-promised": "~7.1.1",
        "eslint": "^7.32.0",
        "eslint-config-prettier": "^8.5.0",
        "eslint-plugin-chai-friendly": "^0.7.2",
        "eslint-plugin-import": "^2.27.5",
        "eslint-plugin-prettier": "^3.4.1",
        "mocha": "^8.4.0",
        "mocha-junit-reporter": "^2.1.0",
        "nock": "^13.2.9",
        "node-fetch": "^2.6.7",
        "nyc": "^15.1.0",
        "prettier": "^1.16.4",
        "ts-node": "^10.9.1",
        "typescript": "^4.9.4",
        "undici-types": "^7.8.0"
      },
      "engines": {
        "node": ">=12.*"
      },
      "peerDependencies": {
        "@types/node": ">=12.x.x"
      },
      "peerDependenciesMeta": {
        "@types/node": {
          "optional": true
        }
      }
    },
    "../../node_modules/.pnpm/tsc-alias@1.8.16/node_modules/tsc-alias": {
      "version": "1.8.16",
      "dev": true,
      "license": "MIT",
      "dependencies": {
        "chokidar": "^3.5.3",
        "commander": "^9.0.0",
        "get-tsconfig": "^4.10.0",
        "globby": "^11.0.4",
        "mylas": "^2.1.9",
        "normalize-path": "^3.0.0",
        "plimit-lit": "^1.2.6"
      },
      "bin": {
        "tsc-alias": "dist/bin/index.js"
      },
      "devDependencies": {
        "@types/jest": "^27.4.0",
        "@types/node": "^16.18.126",
        "@types/normalize-path": "^3.0.2",
        "@types/rimraf": "^3.0.2",
        "@types/shelljs": "^0.8.11",
        "husky": "^7.0.4",
        "jest": "^27.5.1",
        "prettier": "^2.5.1",
        "rimraf": "^6.0.1",
        "shelljs": "^0.8.5",
        "ts-jest": "^27.1.3",
        "typescript": "^4.9.5"
      },
      "engines": {
        "node": ">=16.20.2"
      }
    },
    "../../node_modules/.pnpm/uuid@11.1.0/node_modules/uuid": {
      "version": "11.1.0",
      "funding": [
        "https://github.com/sponsors/broofa",
        "https://github.com/sponsors/ctavan"
      ],
      "license": "MIT",
      "bin": {
        "uuid": "dist/esm/bin/uuid"
      },
      "devDependencies": {
        "@babel/eslint-parser": "7.25.9",
        "@commitlint/cli": "19.6.1",
        "@commitlint/config-conventional": "19.6.0",
        "@eslint/js": "9.17.0",
        "@types/eslint__js": "8.42.3",
        "bundlewatch": "0.4.0",
        "commander": "12.1.0",
        "eslint": "9.17.0",
        "eslint-config-prettier": "9.1.0",
        "eslint-plugin-prettier": "5.2.1",
        "globals": "15.14.0",
        "husky": "9.1.7",
        "jest": "29.7.0",
        "lint-staged": "15.2.11",
        "neostandard": "0.12.0",
        "npm-run-all": "4.1.5",
        "prettier": "3.4.2",
        "release-please": "16.15.0",
        "runmd": "1.4.1",
        "standard-version": "9.5.0",
        "typescript": "5.0.4",
        "typescript-eslint": "8.18.2"
      }
    },
    "../../node_modules/.pnpm/wrangler@4.22.0_@cloudflare+workers-types@4.20250628.0/node_modules/wrangler": {
      "version": "4.22.0",
      "dev": true,
      "license": "MIT OR Apache-2.0",
      "dependencies": {
        "@cloudflare/kv-asset-handler": "0.4.0",
        "@cloudflare/unenv-preset": "2.3.3",
        "blake3-wasm": "2.1.5",
        "esbuild": "0.25.4",
        "miniflare": "4.20250617.4",
        "path-to-regexp": "6.3.0",
        "unenv": "2.0.0-rc.17",
        "workerd": "1.20250617.0"
      },
      "bin": {
        "wrangler": "bin/wrangler.js",
        "wrangler2": "bin/wrangler.js"
      },
      "devDependencies": {
        "@aws-sdk/client-s3": "^3.721.0",
        "@cloudflare/cli": "1.1.1",
        "@cloudflare/containers-shared": "0.2.2",
        "@cloudflare/eslint-config-worker": "1.1.0",
        "@cloudflare/pages-shared": "^0.13.51",
        "@cloudflare/types": "6.18.4",
        "@cloudflare/workers-shared": "0.18.0",
        "@cloudflare/workers-tsconfig": "0.0.0",
        "@cloudflare/workers-types": "^4.20250617.0",
        "@cspotcode/source-map-support": "0.8.1",
        "@iarna/toml": "^3.0.0",
        "@sentry/node": "^7.86.0",
        "@sentry/types": "^7.86.0",
        "@sentry/utils": "^7.86.0",
        "@types/command-exists": "^1.2.0",
        "@types/glob-to-regexp": "^0.4.1",
        "@types/is-ci": "^3.0.0",
        "@types/javascript-time-ago": "^2.0.3",
        "@types/mime": "^3.0.4",
        "@types/minimatch": "^5.1.2",
        "@types/node": "^20.17.32",
        "@types/node-forge": "^1.3.11",
        "@types/prompts": "^2.0.14",
        "@types/resolve": "^1.20.6",
        "@types/shell-quote": "^1.7.2",
        "@types/signal-exit": "^3.0.1",
        "@types/supports-color": "^8.1.1",
        "@types/ws": "^8.5.7",
        "@types/yargs": "^17.0.22",
        "@vitest/ui": "~3.2.0",
        "@webcontainer/env": "^1.1.0",
        "chalk": "^5.2.0",
        "chokidar": "^4.0.1",
        "cli-table3": "^0.6.3",
        "cmd-shim": "^4.1.0",
        "command-exists": "^1.2.9",
        "concurrently": "^8.2.2",
        "date-fns": "^4.1.0",
        "devtools-protocol": "^0.0.1182435",
        "dotenv": "^16.3.1",
        "execa": "^6.1.0",
        "find-up": "^6.3.0",
        "get-port": "^7.0.0",
        "glob-to-regexp": "^0.4.1",
        "https-proxy-agent": "7.0.2",
        "is-ci": "^3.0.1",
        "itty-time": "^1.0.6",
        "javascript-time-ago": "^2.5.4",
        "md5-file": "5.0.0",
        "mime": "^3.0.0",
        "minimatch": "^5.1.0",
        "mock-socket": "^9.3.1",
        "msw": "2.4.3",
        "node-forge": "^1.3.1",
        "open": "^8.4.0",
        "p-queue": "^7.2.0",
        "patch-console": "^1.0.0",
        "pretty-bytes": "^6.0.0",
        "prompts": "^2.4.2",
        "resolve": "^1.22.8",
        "rimraf": "^6.0.1",
        "selfsigned": "^2.0.1",
        "semiver": "^1.1.0",
        "shell-quote": "^1.8.1",
        "signal-exit": "^3.0.7",
        "source-map": "^0.6.1",
        "strip-ansi": "^7.1.0",
        "supports-color": "^9.2.2",
        "timeago.js": "^4.0.2",
        "ts-dedent": "^2.2.0",
        "ts-json-schema-generator": "^1.5.0",
        "tsup": "8.3.0",
        "typescript": "^5.7.2",
        "undici": "^5.28.5",
        "update-check": "^1.5.4",
        "vitest": "~3.2.0",
        "vitest-websocket-mock": "^0.4.0",
        "ws": "8.18.0",
        "xdg-app-paths": "^8.3.0",
        "xxhash-wasm": "^1.0.1",
        "yargs": "^17.7.2"
      },
      "engines": {
        "node": ">=18.0.0"
      },
      "optionalDependencies": {
        "fsevents": "~2.3.2"
      },
      "peerDependencies": {
        "@cloudflare/workers-types": "^4.20250617.0"
      },
      "peerDependenciesMeta": {
        "@cloudflare/workers-types": {
          "optional": true
        }
      }
    },
    "../../node_modules/.pnpm/zod@3.25.67/node_modules/zod": {
      "version": "3.25.67",
      "license": "MIT",
      "funding": {
        "url": "https://github.com/sponsors/colinhacks"
      }
    },
    "node_modules/@cloudflare/workers-types": {
      "resolved": "../../node_modules/.pnpm/@cloudflare+workers-types@4.20250628.0/node_modules/@cloudflare/workers-types",
      "link": true
    },
    "node_modules/@types/node": {
      "resolved": "../../node_modules/.pnpm/@types+node@22.15.33/node_modules/@types/node",
      "link": true
    },
    "node_modules/dotenv": {
      "version": "16.6.1",
      "resolved": "https://registry.npmjs.org/dotenv/-/dotenv-16.6.1.tgz",
      "integrity": "sha512-uBq4egWHTcTt33a72vpSG0z3HnPuIl6NqYcTrKEg2azoEyl2hpW0zqlxysq2pK9HlDIHyHyakeYaYnSAwd8bow==",
      "license": "BSD-2-Clause",
      "engines": {
        "node": ">=12"
      },
      "funding": {
        "url": "https://dotenvx.com"
      }
    },
    "node_modules/drizzle-kit": {
      "resolved": "../../node_modules/.pnpm/drizzle-kit@0.31.4/node_modules/drizzle-kit",
      "link": true
    },
    "node_modules/drizzle-orm": {
      "resolved": "../../node_modules/.pnpm/drizzle-orm@0.44.2_@cloudflare+workers-types@4.20250628.0_@opentelemetry+api@1.9.0_@pla_38248141f7e2f1c7124c0571321af634/node_modules/drizzle-orm",
      "link": true
    },
    "node_modules/nanoid": {
      "resolved": "../../node_modules/.pnpm/nanoid@5.1.5/node_modules/nanoid",
      "link": true
    },
    "node_modules/postgres": {
      "version": "3.4.7",
      "resolved": "https://registry.npmjs.org/postgres/-/postgres-3.4.7.tgz",
      "integrity": "sha512-Jtc2612XINuBjIl/QTWsV5UvE8UHuNblcO3vVADSrKsrc6RqGX6lOW1cEo3CM2v0XG4Nat8nI+YM7/f26VxXLw==",
      "license": "Unlicense",
      "engines": {
        "node": ">=12"
      },
      "funding": {
        "type": "individual",
        "url": "https://github.com/sponsors/porsager"
      }
    },
    "node_modules/stripe": {
      "resolved": "../../node_modules/.pnpm/stripe@18.4.0_@types+node@22.15.33/node_modules/stripe",
      "link": true
    },
    "node_modules/tsc-alias": {
      "resolved": "../../node_modules/.pnpm/tsc-alias@1.8.16/node_modules/tsc-alias",
      "link": true
    },
    "node_modules/uuid": {
      "resolved": "../../node_modules/.pnpm/uuid@11.1.0/node_modules/uuid",
      "link": true
    },
    "node_modules/wrangler": {
      "resolved": "../../node_modules/.pnpm/wrangler@4.22.0_@cloudflare+workers-types@4.20250628.0/node_modules/wrangler",
      "link": true
    },
    "node_modules/zod": {
      "resolved": "../../node_modules/.pnpm/zod@3.25.67/node_modules/zod",
      "link": true
    }
  }
}
